
Microsoft Visual Studio Solution File, Format Version 12.00
# Visual Studio Version 17
VisualStudioVersion = 17.2.32602.215
MinimumVisualStudioVersion = 10.0.40219.1
Project("{FAE04EC0-301F-11D3-BF4B-00C04F79EFBC}") = "SEP_222_System", "SEP_222_System\SEP_222_System.csproj", "{8444CC5A-BD2A-4658-A1AD-C6269C1D334B}"
EndProject
Project("{FAE04EC0-301F-11D3-BF4B-00C04F79EFBC}") = "SecondProcess", "SecondProcess\SecondProcess.csproj", "{E93A43D2-D07D-4F95-B473-EB9893B7AFCA}"
EndProject
Global
	GlobalSection(SolutionConfigurationPlatforms) = preSolution
		Debug|Any CPU = Debug|Any CPU
		Release|Any CPU = Release|Any CPU
	EndGlobalSection
	GlobalSection(ProjectConfigurationPlatforms) = postSolution
		{8444CC5A-BD2A-4658-A1AD-C6269C1D334B}.Debug|Any CPU.ActiveCfg = Debug|Any CPU
		{8444CC5A-BD2A-4658-A1AD-C6269C1D334B}.Debug|Any CPU.Build.0 = Debug|Any CPU
		{8444CC5A-BD2A-4658-A1AD-C6269C1D334B}.Release|Any CPU.ActiveCfg = Release|Any CPU
		{8444CC5A-BD2A-4658-A1AD-C6269C1D334B}.Release|Any CPU.Build.0 = Release|Any CPU
		{E93A43D2-D07D-4F95-B473-EB9893B7AFCA}.Debug|Any CPU.ActiveCfg = Debug|Any CPU
		{E93A43D2-D07D-4F95-B473-EB9893B7AFCA}.Debug|Any CPU.Build.0 = Debug|Any CPU
		{E93A43D2-D07D-4F95-B473-EB9893B7AFCA}.Release|Any CPU.ActiveCfg = Release|Any CPU
		{E93A43D2-D07D-4F95-B473-EB9893B7AFCA}.Release|Any CPU.Build.0 = Release|Any CPU
	EndGlobalSection
	GlobalSection(SolutionProperties) = preSolution
		HideSolutionNode = FALSE
	EndGlobalSection
	GlobalSection(ExtensibilityGlobals) = postSolution
		SolutionGuid = {CBA39DE1-BBDB-4CB7-9776-FD04D0A241CD}
	EndGlobalSection
EndGlobal
