
Microsoft Visual Studio Solution File, Format Version 12.00
# Visual Studio Version 17
VisualStudioVersion = 17.2.32602.215
MinimumVisualStudioVersion = 10.0.40219.1
Project("{FAE04EC0-301F-11D3-BF4B-00C04F79EFBC}") = "SEP_222_System", "SEP_222_System\SEP_222_System.csproj", "{8444CC5A-BD2A-4658-A1AD-C6269C1D334B}"
EndProject
Project("{FAE04EC0-301F-11D3-BF4B-00C04F79EFBC}") = "SecondProcess", "SecondProcess\SecondProcess.csproj", "{E93A43D2-D07D-4F95-B473-EB9893B7AFCA}"
EndProject
Project("{9A19103F-16F7-4668-BE54-9A1E7A4F7556}") = "MyDLL", "MyDLL\MyDLL.csproj", "{1A9E9909-049F-405E-A176-FB04F22145EE}"
EndProject
Project("{9A19103F-16F7-4668-BE54-9A1E7A4F7556}") = "MyConsole", "MyConsole\MyConsole.csproj", "{B6388FE3-A9BA-4889-9484-007441CA8F47}"
EndProject
Project("{FAE04EC0-301F-11D3-BF4B-00C04F79EFBC}") = "CheckDLL", "CheckDLL\CheckDLL.csproj", "{01A2CEDE-0BDE-46CC-8DFB-9EDC3DD0735F}"
EndProject
Project("{FAE04EC0-301F-11D3-BF4B-00C04F79EFBC}") = "MyWInForm", "MyWInForm\MyWInForm.csproj", "{A30220D6-B3E4-40B8-B8B9-FC17AF67AC2B}"
EndProject
Project("{FAE04EC0-301F-11D3-BF4B-00C04F79EFBC}") = "MyThread", "MyThread\MyThread.csproj", "{F3ED7A2E-E792-4DDD-A522-EAFA79E3235F}"
EndProject
Global
	GlobalSection(SolutionConfigurationPlatforms) = preSolution
		Debug|Any CPU = Debug|Any CPU
		Debug|x64 = Debug|x64
		Debug|x86 = Debug|x86
		Release|Any CPU = Release|Any CPU
		Release|x64 = Release|x64
		Release|x86 = Release|x86
	EndGlobalSection
	GlobalSection(ProjectConfigurationPlatforms) = postSolution
		{8444CC5A-BD2A-4658-A1AD-C6269C1D334B}.Debug|Any CPU.ActiveCfg = Debug|Any CPU
		{8444CC5A-BD2A-4658-A1AD-C6269C1D334B}.Debug|Any CPU.Build.0 = Debug|Any CPU
		{8444CC5A-BD2A-4658-A1AD-C6269C1D334B}.Debug|x64.ActiveCfg = Debug|Any CPU
		{8444CC5A-BD2A-4658-A1AD-C6269C1D334B}.Debug|x64.Build.0 = Debug|Any CPU
		{8444CC5A-BD2A-4658-A1AD-C6269C1D334B}.Debug|x86.ActiveCfg = Debug|Any CPU
		{8444CC5A-BD2A-4658-A1AD-C6269C1D334B}.Debug|x86.Build.0 = Debug|Any CPU
		{8444CC5A-BD2A-4658-A1AD-C6269C1D334B}.Release|Any CPU.ActiveCfg = Release|Any CPU
		{8444CC5A-BD2A-4658-A1AD-C6269C1D334B}.Release|Any CPU.Build.0 = Release|Any CPU
		{8444CC5A-BD2A-4658-A1AD-C6269C1D334B}.Release|x64.ActiveCfg = Release|Any CPU
		{8444CC5A-BD2A-4658-A1AD-C6269C1D334B}.Release|x64.Build.0 = Release|Any CPU
		{8444CC5A-BD2A-4658-A1AD-C6269C1D334B}.Release|x86.ActiveCfg = Release|Any CPU
		{8444CC5A-BD2A-4658-A1AD-C6269C1D334B}.Release|x86.Build.0 = Release|Any CPU
		{E93A43D2-D07D-4F95-B473-EB9893B7AFCA}.Debug|Any CPU.ActiveCfg = Debug|Any CPU
		{E93A43D2-D07D-4F95-B473-EB9893B7AFCA}.Debug|Any CPU.Build.0 = Debug|Any CPU
		{E93A43D2-D07D-4F95-B473-EB9893B7AFCA}.Debug|x64.ActiveCfg = Debug|Any CPU
		{E93A43D2-D07D-4F95-B473-EB9893B7AFCA}.Debug|x64.Build.0 = Debug|Any CPU
		{E93A43D2-D07D-4F95-B473-EB9893B7AFCA}.Debug|x86.ActiveCfg = Debug|Any CPU
		{E93A43D2-D07D-4F95-B473-EB9893B7AFCA}.Debug|x86.Build.0 = Debug|Any CPU
		{E93A43D2-D07D-4F95-B473-EB9893B7AFCA}.Release|Any CPU.ActiveCfg = Release|Any CPU
		{E93A43D2-D07D-4F95-B473-EB9893B7AFCA}.Release|Any CPU.Build.0 = Release|Any CPU
		{E93A43D2-D07D-4F95-B473-EB9893B7AFCA}.Release|x64.ActiveCfg = Release|Any CPU
		{E93A43D2-D07D-4F95-B473-EB9893B7AFCA}.Release|x64.Build.0 = Release|Any CPU
		{E93A43D2-D07D-4F95-B473-EB9893B7AFCA}.Release|x86.ActiveCfg = Release|Any CPU
		{E93A43D2-D07D-4F95-B473-EB9893B7AFCA}.Release|x86.Build.0 = Release|Any CPU
		{1A9E9909-049F-405E-A176-FB04F22145EE}.Debug|Any CPU.ActiveCfg = Debug|Any CPU
		{1A9E9909-049F-405E-A176-FB04F22145EE}.Debug|Any CPU.Build.0 = Debug|Any CPU
		{1A9E9909-049F-405E-A176-FB04F22145EE}.Debug|x64.ActiveCfg = Debug|Any CPU
		{1A9E9909-049F-405E-A176-FB04F22145EE}.Debug|x64.Build.0 = Debug|Any CPU
		{1A9E9909-049F-405E-A176-FB04F22145EE}.Debug|x86.ActiveCfg = Debug|Any CPU
		{1A9E9909-049F-405E-A176-FB04F22145EE}.Debug|x86.Build.0 = Debug|Any CPU
		{1A9E9909-049F-405E-A176-FB04F22145EE}.Release|Any CPU.ActiveCfg = Release|Any CPU
		{1A9E9909-049F-405E-A176-FB04F22145EE}.Release|Any CPU.Build.0 = Release|Any CPU
		{1A9E9909-049F-405E-A176-FB04F22145EE}.Release|x64.ActiveCfg = Release|Any CPU
		{1A9E9909-049F-405E-A176-FB04F22145EE}.Release|x64.Build.0 = Release|Any CPU
		{1A9E9909-049F-405E-A176-FB04F22145EE}.Release|x86.ActiveCfg = Release|Any CPU
		{1A9E9909-049F-405E-A176-FB04F22145EE}.Release|x86.Build.0 = Release|Any CPU
		{B6388FE3-A9BA-4889-9484-007441CA8F47}.Debug|Any CPU.ActiveCfg = Debug|Any CPU
		{B6388FE3-A9BA-4889-9484-007441CA8F47}.Debug|Any CPU.Build.0 = Debug|Any CPU
		{B6388FE3-A9BA-4889-9484-007441CA8F47}.Debug|x64.ActiveCfg = Debug|Any CPU
		{B6388FE3-A9BA-4889-9484-007441CA8F47}.Debug|x64.Build.0 = Debug|Any CPU
		{B6388FE3-A9BA-4889-9484-007441CA8F47}.Debug|x86.ActiveCfg = Debug|Any CPU
		{B6388FE3-A9BA-4889-9484-007441CA8F47}.Debug|x86.Build.0 = Debug|Any CPU
		{B6388FE3-A9BA-4889-9484-007441CA8F47}.Release|Any CPU.ActiveCfg = Release|Any CPU
		{B6388FE3-A9BA-4889-9484-007441CA8F47}.Release|Any CPU.Build.0 = Release|Any CPU
		{B6388FE3-A9BA-4889-9484-007441CA8F47}.Release|x64.ActiveCfg = Release|Any CPU
		{B6388FE3-A9BA-4889-9484-007441CA8F47}.Release|x64.Build.0 = Release|Any CPU
		{B6388FE3-A9BA-4889-9484-007441CA8F47}.Release|x86.ActiveCfg = Release|Any CPU
		{B6388FE3-A9BA-4889-9484-007441CA8F47}.Release|x86.Build.0 = Release|Any CPU
		{01A2CEDE-0BDE-46CC-8DFB-9EDC3DD0735F}.Debug|Any CPU.ActiveCfg = Debug|Any CPU
		{01A2CEDE-0BDE-46CC-8DFB-9EDC3DD0735F}.Debug|Any CPU.Build.0 = Debug|Any CPU
		{01A2CEDE-0BDE-46CC-8DFB-9EDC3DD0735F}.Debug|x64.ActiveCfg = Debug|Any CPU
		{01A2CEDE-0BDE-46CC-8DFB-9EDC3DD0735F}.Debug|x64.Build.0 = Debug|Any CPU
		{01A2CEDE-0BDE-46CC-8DFB-9EDC3DD0735F}.Debug|x86.ActiveCfg = Debug|Any CPU
		{01A2CEDE-0BDE-46CC-8DFB-9EDC3DD0735F}.Debug|x86.Build.0 = Debug|Any CPU
		{01A2CEDE-0BDE-46CC-8DFB-9EDC3DD0735F}.Release|Any CPU.ActiveCfg = Release|Any CPU
		{01A2CEDE-0BDE-46CC-8DFB-9EDC3DD0735F}.Release|Any CPU.Build.0 = Release|Any CPU
		{01A2CEDE-0BDE-46CC-8DFB-9EDC3DD0735F}.Release|x64.ActiveCfg = Release|Any CPU
		{01A2CEDE-0BDE-46CC-8DFB-9EDC3DD0735F}.Release|x64.Build.0 = Release|Any CPU
		{01A2CEDE-0BDE-46CC-8DFB-9EDC3DD0735F}.Release|x86.ActiveCfg = Release|Any CPU
		{01A2CEDE-0BDE-46CC-8DFB-9EDC3DD0735F}.Release|x86.Build.0 = Release|Any CPU
		{A30220D6-B3E4-40B8-B8B9-FC17AF67AC2B}.Debug|Any CPU.ActiveCfg = Debug|Any CPU
		{A30220D6-B3E4-40B8-B8B9-FC17AF67AC2B}.Debug|Any CPU.Build.0 = Debug|Any CPU
		{A30220D6-B3E4-40B8-B8B9-FC17AF67AC2B}.Debug|x64.ActiveCfg = Debug|Any CPU
		{A30220D6-B3E4-40B8-B8B9-FC17AF67AC2B}.Debug|x64.Build.0 = Debug|Any CPU
		{A30220D6-B3E4-40B8-B8B9-FC17AF67AC2B}.Debug|x86.ActiveCfg = Debug|Any CPU
		{A30220D6-B3E4-40B8-B8B9-FC17AF67AC2B}.Debug|x86.Build.0 = Debug|Any CPU
		{A30220D6-B3E4-40B8-B8B9-FC17AF67AC2B}.Release|Any CPU.ActiveCfg = Release|Any CPU
		{A30220D6-B3E4-40B8-B8B9-FC17AF67AC2B}.Release|Any CPU.Build.0 = Release|Any CPU
		{A30220D6-B3E4-40B8-B8B9-FC17AF67AC2B}.Release|x64.ActiveCfg = Release|Any CPU
		{A30220D6-B3E4-40B8-B8B9-FC17AF67AC2B}.Release|x64.Build.0 = Release|Any CPU
		{A30220D6-B3E4-40B8-B8B9-FC17AF67AC2B}.Release|x86.ActiveCfg = Release|Any CPU
		{A30220D6-B3E4-40B8-B8B9-FC17AF67AC2B}.Release|x86.Build.0 = Release|Any CPU
		{F3ED7A2E-E792-4DDD-A522-EAFA79E3235F}.Debug|Any CPU.ActiveCfg = Debug|Any CPU
		{F3ED7A2E-E792-4DDD-A522-EAFA79E3235F}.Debug|Any CPU.Build.0 = Debug|Any CPU
		{F3ED7A2E-E792-4DDD-A522-EAFA79E3235F}.Debug|x64.ActiveCfg = Debug|Any CPU
		{F3ED7A2E-E792-4DDD-A522-EAFA79E3235F}.Debug|x64.Build.0 = Debug|Any CPU
		{F3ED7A2E-E792-4DDD-A522-EAFA79E3235F}.Debug|x86.ActiveCfg = Debug|Any CPU
		{F3ED7A2E-E792-4DDD-A522-EAFA79E3235F}.Debug|x86.Build.0 = Debug|Any CPU
		{F3ED7A2E-E792-4DDD-A522-EAFA79E3235F}.Release|Any CPU.ActiveCfg = Release|Any CPU
		{F3ED7A2E-E792-4DDD-A522-EAFA79E3235F}.Release|Any CPU.Build.0 = Release|Any CPU
		{F3ED7A2E-E792-4DDD-A522-EAFA79E3235F}.Release|x64.ActiveCfg = Release|Any CPU
		{F3ED7A2E-E792-4DDD-A522-EAFA79E3235F}.Release|x64.Build.0 = Release|Any CPU
		{F3ED7A2E-E792-4DDD-A522-EAFA79E3235F}.Release|x86.ActiveCfg = Release|Any CPU
		{F3ED7A2E-E792-4DDD-A522-EAFA79E3235F}.Release|x86.Build.0 = Release|Any CPU
	EndGlobalSection
	GlobalSection(SolutionProperties) = preSolution
		HideSolutionNode = FALSE
	EndGlobalSection
	GlobalSection(ExtensibilityGlobals) = postSolution
		SolutionGuid = {CBA39DE1-BBDB-4CB7-9776-FD04D0A241CD}
	EndGlobalSection
EndGlobal
